
Microsoft Visual Studio Solution File, Format Version 12.00
# Visual Studio 15
VisualStudioVersion = 15.0.28010.2036
MinimumVisualStudioVersion = 10.0.40219.1
Project("{FAE04EC0-301F-11D3-BF4B-00C04F79EFBC}") = "Vidly", "Vidly\Vidly.csproj", "{041A7D5E-4B88-418B-BF82-69E652F8BC3A}"
EndProject
Global
	GlobalSection(SolutionConfigurationPlatforms) = preSolution
		Debug|Any CPU = Debug|Any CPU
		Release|Any CPU = Release|Any CPU
	EndGlobalSection
	GlobalSection(ProjectConfigurationPlatforms) = postSolution
		{041A7D5E-4B88-418B-BF82-69E652F8BC3A}.Debug|Any CPU.ActiveCfg = Debug|Any CPU
		{041A7D5E-4B88-418B-BF82-69E652F8BC3A}.Debug|Any CPU.Build.0 = Debug|Any CPU
		{041A7D5E-4B88-418B-BF82-69E652F8BC3A}.Release|Any CPU.ActiveCfg = Release|Any CPU
		{041A7D5E-4B88-418B-BF82-69E652F8BC3A}.Release|Any CPU.Build.0 = Release|Any CPU
	EndGlobalSection
	GlobalSection(SolutionProperties) = preSolution
		HideSolutionNode = FALSE
	EndGlobalSection
	GlobalSection(ExtensibilityGlobals) = postSolution
		SolutionGuid = {B231D46C-2270-4EB7-B73E-262513B8C88C}
	EndGlobalSection
EndGlobal
